
Microsoft Visual Studio Solution File, Format Version 12.00
# Visual Studio Version 17
VisualStudioVersion = 17.0.31903.59
MinimumVisualStudioVersion = 10.0.40219.1
Project("{2150E333-8FDC-42A3-9474-1A3956D46DE8}") = "Lessons", "Lessons", "{89D7AA50-1BB4-4255-A455-21D02285CE8D}"
EndProject
Project("{FAE04EC0-301F-11D3-BF4B-00C04F79EFBC}") = "Lessons.Lesson_01_MainSubjects", "Lessons\Lessons.Lesson_01_MainSubjects\Lessons.Lesson_01_MainSubjects.csproj", "{CA28BE9E-8D40-49CD-9A8F-FA9A0D80CB9A}"
EndProject
Project("{FAE04EC0-301F-11D3-BF4B-00C04F79EFBC}") = "Lessons.Lesson_02_Variables", "Lessons\Lessons.Lesson_02_Variables\Lessons.Lesson_02_Variables.csproj", "{E3232E4F-77E0-425C-8ACC-603737E1345B}"
EndProject
Project("{FAE04EC0-301F-11D3-BF4B-00C04F79EFBC}") = "Lessons.Lesson_03_MakingDecision", "Lessons\Lessons.Lesson_03_MakingDecision\Lessons.Lesson_03_MakingDecision.csproj", "{1DF04B1E-0D30-4DA3-B3CF-6AFBD8CF016E}"
EndProject
Project("{FAE04EC0-301F-11D3-BF4B-00C04F79EFBC}") = "Lessons.Lesson_04_Loops", "Lessons\Lessons.Lesson_04_Loops\Lessons.Lesson_04_Loops.csproj", "{C10D6C67-5141-4E80-8045-3680EB777E1F}"
EndProject
Project("{FAE04EC0-301F-11D3-BF4B-00C04F79EFBC}") = "Lessons.Lesson_05_LoopsWithStars", "Lessons\Lessons.Lesson_05_LoopsWithStars\Lessons.Lesson_05_LoopsWithStars.csproj", "{0A401F70-4E15-4CB4-AB9B-B2E862FD917C}"
EndProject
Project("{FAE04EC0-301F-11D3-BF4B-00C04F79EFBC}") = "Lessons.Lesson_06_Arrays", "Lessons\Lessons.Lesson_06_Arrays\Lessons.Lesson_06_Arrays.csproj", "{28C416CE-28C0-49C7-92A9-716304B8AE53}"
EndProject
Project("{FAE04EC0-301F-11D3-BF4B-00C04F79EFBC}") = "Lessons.Lesson_07_ForeachLoop", "Lessons\Lessons.Lesson_07_ForeachLoop\Lessons.Lesson_07_ForeachLoop.csproj", "{58CB9279-06B1-487A-A5D2-3CD58CD94D32}"
EndProject
Project("{FAE04EC0-301F-11D3-BF4B-00C04F79EFBC}") = "Lessons.Lesson_08_Methods", "Lessons\Lessons.Lesson_08_Methods\Lessons.Lesson_08_Methods.csproj", "{B97CFACF-E0DC-4A66-AC67-6737630EF2E5}"
EndProject
Project("{FAE04EC0-301F-11D3-BF4B-00C04F79EFBC}") = "Lessons.Lesson_09_10_DatabaseProject", "Lessons\Lessons.Lesson_09_10_DatabaseProject\Lessons.Lesson_09_10_DatabaseProject.csproj", "{71019C24-10CD-42C4-8772-214411F4EB8A}"
EndProject
Project("{2150E333-8FDC-42A3-9474-1A3956D46DE8}") = "Lesson11", "Lesson11", "{763E50A7-BBC1-4863-A980-11B18D72A19C}"
EndProject
Project("{FAE04EC0-301F-11D3-BF4B-00C04F79EFBC}") = "Lessons.Lesson_11_Module301_EntityLayer", "Lessons\Lesson11\Lessons.Lesson_11_Module301_EntityLayer\Lessons.Lesson_11_Module301_EntityLayer.csproj", "{0DF2A053-08A0-4BB1-9DE5-735F0DE83968}"
EndProject
Project("{FAE04EC0-301F-11D3-BF4B-00C04F79EFBC}") = "Lessons.Lesson_11_Module301_DataAccessLayer", "Lessons\Lesson11\Lessons.Lesson_11_Module301_DataAccessLayer\Lessons.Lesson_11_Module301_DataAccessLayer.csproj", "{4369A43A-EECF-4341-A3C3-3135FBD958B2}"
EndProject
Project("{FAE04EC0-301F-11D3-BF4B-00C04F79EFBC}") = "Lessons.Lesson_11_Module301_BusinessLayer", "Lessons\Lesson11\Lessons.Lesson_11_Module301_BusinessLayer\Lessons.Lesson_11_Module301_BusinessLayer.csproj", "{BF516EBE-13FB-4E5C-8D46-6AEEC0D66279}"
EndProject
Project("{FAE04EC0-301F-11D3-BF4B-00C04F79EFBC}") = "Lessons.Lesson_11_Module301_PresentationLayer", "Lessons\Lesson11\Lessons.Lesson_11_Module301_PresentationLayer\Lessons.Lesson_11_Module301_PresentationLayer.csproj", "{EF7442FC-9EBD-4865-8796-F7026C730180}"
EndProject
Project("{FAE04EC0-301F-11D3-BF4B-00C04F79EFBC}") = "Lessons.Lesson_14_Module301_EntityFramework", "Lessons\Lessons.Lesson_14_Module301_EntityFramework\Lessons.Lesson_14_Module301_EntityFramework.csproj", "{C16A7F5A-F379-4137-9819-C804DDFF508D}"
EndProject
Global
	GlobalSection(SolutionConfigurationPlatforms) = preSolution
		Debug|Any CPU = Debug|Any CPU
		Release|Any CPU = Release|Any CPU
	EndGlobalSection
	GlobalSection(ProjectConfigurationPlatforms) = postSolution
		{CA28BE9E-8D40-49CD-9A8F-FA9A0D80CB9A}.Debug|Any CPU.ActiveCfg = Debug|Any CPU
		{CA28BE9E-8D40-49CD-9A8F-FA9A0D80CB9A}.Debug|Any CPU.Build.0 = Debug|Any CPU
		{CA28BE9E-8D40-49CD-9A8F-FA9A0D80CB9A}.Release|Any CPU.ActiveCfg = Release|Any CPU
		{CA28BE9E-8D40-49CD-9A8F-FA9A0D80CB9A}.Release|Any CPU.Build.0 = Release|Any CPU
		{E3232E4F-77E0-425C-8ACC-603737E1345B}.Debug|Any CPU.ActiveCfg = Debug|Any CPU
		{E3232E4F-77E0-425C-8ACC-603737E1345B}.Debug|Any CPU.Build.0 = Debug|Any CPU
		{E3232E4F-77E0-425C-8ACC-603737E1345B}.Release|Any CPU.ActiveCfg = Release|Any CPU
		{E3232E4F-77E0-425C-8ACC-603737E1345B}.Release|Any CPU.Build.0 = Release|Any CPU
		{1DF04B1E-0D30-4DA3-B3CF-6AFBD8CF016E}.Debug|Any CPU.ActiveCfg = Debug|Any CPU
		{1DF04B1E-0D30-4DA3-B3CF-6AFBD8CF016E}.Debug|Any CPU.Build.0 = Debug|Any CPU
		{1DF04B1E-0D30-4DA3-B3CF-6AFBD8CF016E}.Release|Any CPU.ActiveCfg = Release|Any CPU
		{1DF04B1E-0D30-4DA3-B3CF-6AFBD8CF016E}.Release|Any CPU.Build.0 = Release|Any CPU
		{C10D6C67-5141-4E80-8045-3680EB777E1F}.Debug|Any CPU.ActiveCfg = Debug|Any CPU
		{C10D6C67-5141-4E80-8045-3680EB777E1F}.Debug|Any CPU.Build.0 = Debug|Any CPU
		{C10D6C67-5141-4E80-8045-3680EB777E1F}.Release|Any CPU.ActiveCfg = Release|Any CPU
		{C10D6C67-5141-4E80-8045-3680EB777E1F}.Release|Any CPU.Build.0 = Release|Any CPU
		{0A401F70-4E15-4CB4-AB9B-B2E862FD917C}.Debug|Any CPU.ActiveCfg = Debug|Any CPU
		{0A401F70-4E15-4CB4-AB9B-B2E862FD917C}.Debug|Any CPU.Build.0 = Debug|Any CPU
		{0A401F70-4E15-4CB4-AB9B-B2E862FD917C}.Release|Any CPU.ActiveCfg = Release|Any CPU
		{0A401F70-4E15-4CB4-AB9B-B2E862FD917C}.Release|Any CPU.Build.0 = Release|Any CPU
		{28C416CE-28C0-49C7-92A9-716304B8AE53}.Debug|Any CPU.ActiveCfg = Debug|Any CPU
		{28C416CE-28C0-49C7-92A9-716304B8AE53}.Debug|Any CPU.Build.0 = Debug|Any CPU
		{28C416CE-28C0-49C7-92A9-716304B8AE53}.Release|Any CPU.ActiveCfg = Release|Any CPU
		{28C416CE-28C0-49C7-92A9-716304B8AE53}.Release|Any CPU.Build.0 = Release|Any CPU
		{58CB9279-06B1-487A-A5D2-3CD58CD94D32}.Debug|Any CPU.ActiveCfg = Debug|Any CPU
		{58CB9279-06B1-487A-A5D2-3CD58CD94D32}.Debug|Any CPU.Build.0 = Debug|Any CPU
		{58CB9279-06B1-487A-A5D2-3CD58CD94D32}.Release|Any CPU.ActiveCfg = Release|Any CPU
		{58CB9279-06B1-487A-A5D2-3CD58CD94D32}.Release|Any CPU.Build.0 = Release|Any CPU
		{B97CFACF-E0DC-4A66-AC67-6737630EF2E5}.Debug|Any CPU.ActiveCfg = Debug|Any CPU
		{B97CFACF-E0DC-4A66-AC67-6737630EF2E5}.Debug|Any CPU.Build.0 = Debug|Any CPU
		{B97CFACF-E0DC-4A66-AC67-6737630EF2E5}.Release|Any CPU.ActiveCfg = Release|Any CPU
		{B97CFACF-E0DC-4A66-AC67-6737630EF2E5}.Release|Any CPU.Build.0 = Release|Any CPU
		{71019C24-10CD-42C4-8772-214411F4EB8A}.Debug|Any CPU.ActiveCfg = Debug|Any CPU
		{71019C24-10CD-42C4-8772-214411F4EB8A}.Debug|Any CPU.Build.0 = Debug|Any CPU
		{71019C24-10CD-42C4-8772-214411F4EB8A}.Release|Any CPU.ActiveCfg = Release|Any CPU
		{71019C24-10CD-42C4-8772-214411F4EB8A}.Release|Any CPU.Build.0 = Release|Any CPU
		{0DF2A053-08A0-4BB1-9DE5-735F0DE83968}.Debug|Any CPU.ActiveCfg = Debug|Any CPU
		{0DF2A053-08A0-4BB1-9DE5-735F0DE83968}.Debug|Any CPU.Build.0 = Debug|Any CPU
		{0DF2A053-08A0-4BB1-9DE5-735F0DE83968}.Release|Any CPU.ActiveCfg = Release|Any CPU
		{0DF2A053-08A0-4BB1-9DE5-735F0DE83968}.Release|Any CPU.Build.0 = Release|Any CPU
		{4369A43A-EECF-4341-A3C3-3135FBD958B2}.Debug|Any CPU.ActiveCfg = Debug|Any CPU
		{4369A43A-EECF-4341-A3C3-3135FBD958B2}.Debug|Any CPU.Build.0 = Debug|Any CPU
		{4369A43A-EECF-4341-A3C3-3135FBD958B2}.Release|Any CPU.ActiveCfg = Release|Any CPU
		{4369A43A-EECF-4341-A3C3-3135FBD958B2}.Release|Any CPU.Build.0 = Release|Any CPU
		{BF516EBE-13FB-4E5C-8D46-6AEEC0D66279}.Debug|Any CPU.ActiveCfg = Debug|Any CPU
		{BF516EBE-13FB-4E5C-8D46-6AEEC0D66279}.Debug|Any CPU.Build.0 = Debug|Any CPU
		{BF516EBE-13FB-4E5C-8D46-6AEEC0D66279}.Release|Any CPU.ActiveCfg = Release|Any CPU
		{BF516EBE-13FB-4E5C-8D46-6AEEC0D66279}.Release|Any CPU.Build.0 = Release|Any CPU
		{EF7442FC-9EBD-4865-8796-F7026C730180}.Debug|Any CPU.ActiveCfg = Debug|Any CPU
		{EF7442FC-9EBD-4865-8796-F7026C730180}.Debug|Any CPU.Build.0 = Debug|Any CPU
		{EF7442FC-9EBD-4865-8796-F7026C730180}.Release|Any CPU.ActiveCfg = Release|Any CPU
		{EF7442FC-9EBD-4865-8796-F7026C730180}.Release|Any CPU.Build.0 = Release|Any CPU
		{C16A7F5A-F379-4137-9819-C804DDFF508D}.Debug|Any CPU.ActiveCfg = Debug|Any CPU
		{C16A7F5A-F379-4137-9819-C804DDFF508D}.Debug|Any CPU.Build.0 = Debug|Any CPU
		{C16A7F5A-F379-4137-9819-C804DDFF508D}.Release|Any CPU.ActiveCfg = Release|Any CPU
		{C16A7F5A-F379-4137-9819-C804DDFF508D}.Release|Any CPU.Build.0 = Release|Any CPU
	EndGlobalSection
	GlobalSection(SolutionProperties) = preSolution
		HideSolutionNode = FALSE
	EndGlobalSection
	GlobalSection(NestedProjects) = preSolution
		{CA28BE9E-8D40-49CD-9A8F-FA9A0D80CB9A} = {89D7AA50-1BB4-4255-A455-21D02285CE8D}
		{E3232E4F-77E0-425C-8ACC-603737E1345B} = {89D7AA50-1BB4-4255-A455-21D02285CE8D}
		{1DF04B1E-0D30-4DA3-B3CF-6AFBD8CF016E} = {89D7AA50-1BB4-4255-A455-21D02285CE8D}
		{C10D6C67-5141-4E80-8045-3680EB777E1F} = {89D7AA50-1BB4-4255-A455-21D02285CE8D}
		{0A401F70-4E15-4CB4-AB9B-B2E862FD917C} = {89D7AA50-1BB4-4255-A455-21D02285CE8D}
		{28C416CE-28C0-49C7-92A9-716304B8AE53} = {89D7AA50-1BB4-4255-A455-21D02285CE8D}
		{58CB9279-06B1-487A-A5D2-3CD58CD94D32} = {89D7AA50-1BB4-4255-A455-21D02285CE8D}
		{B97CFACF-E0DC-4A66-AC67-6737630EF2E5} = {89D7AA50-1BB4-4255-A455-21D02285CE8D}
		{71019C24-10CD-42C4-8772-214411F4EB8A} = {89D7AA50-1BB4-4255-A455-21D02285CE8D}
		{763E50A7-BBC1-4863-A980-11B18D72A19C} = {89D7AA50-1BB4-4255-A455-21D02285CE8D}
		{0DF2A053-08A0-4BB1-9DE5-735F0DE83968} = {763E50A7-BBC1-4863-A980-11B18D72A19C}
		{4369A43A-EECF-4341-A3C3-3135FBD958B2} = {763E50A7-BBC1-4863-A980-11B18D72A19C}
		{BF516EBE-13FB-4E5C-8D46-6AEEC0D66279} = {763E50A7-BBC1-4863-A980-11B18D72A19C}
		{EF7442FC-9EBD-4865-8796-F7026C730180} = {763E50A7-BBC1-4863-A980-11B18D72A19C}
		{C16A7F5A-F379-4137-9819-C804DDFF508D} = {89D7AA50-1BB4-4255-A455-21D02285CE8D}
	EndGlobalSection
	GlobalSection(ExtensibilityGlobals) = postSolution
		SolutionGuid = {BD759044-EF6F-4BC4-9E26-7AC159D78C10}
	EndGlobalSection
EndGlobal
